
Microsoft Visual Studio Solution File, Format Version 12.00
# Visual Studio Version 17
VisualStudioVersion = 17.8.34309.116
MinimumVisualStudioVersion = 10.0.40219.1
Project("{FAE04EC0-301F-11D3-BF4B-00C04F79EFBC}") = "Bilet11project", "Bilet11project\Bilet11project.csproj", "{0153809B-D789-433F-9C25-7DCEAAED3782}"
EndProject
Global
	GlobalSection(SolutionConfigurationPlatforms) = preSolution
		Debug|Any CPU = Debug|Any CPU
		Release|Any CPU = Release|Any CPU
	EndGlobalSection
	GlobalSection(ProjectConfigurationPlatforms) = postSolution
		{0153809B-D789-433F-9C25-7DCEAAED3782}.Debug|Any CPU.ActiveCfg = Debug|Any CPU
		{0153809B-D789-433F-9C25-7DCEAAED3782}.Debug|Any CPU.Build.0 = Debug|Any CPU
		{0153809B-D789-433F-9C25-7DCEAAED3782}.Release|Any CPU.ActiveCfg = Release|Any CPU
		{0153809B-D789-433F-9C25-7DCEAAED3782}.Release|Any CPU.Build.0 = Release|Any CPU
	EndGlobalSection
	GlobalSection(SolutionProperties) = preSolution
		HideSolutionNode = FALSE
	EndGlobalSection
	GlobalSection(ExtensibilityGlobals) = postSolution
		SolutionGuid = {DA86FA6D-950C-4735-B04F-61B2106A7399}
	EndGlobalSection
EndGlobal
